
Microsoft Visual Studio Solution File, Format Version 12.00
# Visual Studio 14
VisualStudioVersion = 14.0.25420.1
MinimumVisualStudioVersion = 10.0.40219.1
Project("{FAE04EC0-301F-11D3-BF4B-00C04F79EFBC}") = "Example1. StateMachine", "ItSreda\Example1. StateMachine.csproj", "{4C9DCFA8-CAB6-47BC-AFF9-04383BA8FDF3}"
EndProject
Project("{FAE04EC0-301F-11D3-BF4B-00C04F79EFBC}") = "CustomAwaiter", "CustomAwaiter\CustomAwaiter.csproj", "{58A8AD1E-A5B1-4F5A-96A2-EA9A06F40686}"
EndProject
Project("{FAE04EC0-301F-11D3-BF4B-00C04F79EFBC}") = "Exception", "Exception\Exception.csproj", "{FE03B93F-E2A0-452E-9D0E-169F47626FB2}"
EndProject
Global
	GlobalSection(SolutionConfigurationPlatforms) = preSolution
		Debug|Any CPU = Debug|Any CPU
		Release|Any CPU = Release|Any CPU
	EndGlobalSection
	GlobalSection(ProjectConfigurationPlatforms) = postSolution
		{4C9DCFA8-CAB6-47BC-AFF9-04383BA8FDF3}.Debug|Any CPU.ActiveCfg = Debug|Any CPU
		{4C9DCFA8-CAB6-47BC-AFF9-04383BA8FDF3}.Debug|Any CPU.Build.0 = Debug|Any CPU
		{4C9DCFA8-CAB6-47BC-AFF9-04383BA8FDF3}.Release|Any CPU.ActiveCfg = Release|Any CPU
		{4C9DCFA8-CAB6-47BC-AFF9-04383BA8FDF3}.Release|Any CPU.Build.0 = Release|Any CPU
		{58A8AD1E-A5B1-4F5A-96A2-EA9A06F40686}.Debug|Any CPU.ActiveCfg = Debug|Any CPU
		{58A8AD1E-A5B1-4F5A-96A2-EA9A06F40686}.Debug|Any CPU.Build.0 = Debug|Any CPU
		{58A8AD1E-A5B1-4F5A-96A2-EA9A06F40686}.Release|Any CPU.ActiveCfg = Release|Any CPU
		{58A8AD1E-A5B1-4F5A-96A2-EA9A06F40686}.Release|Any CPU.Build.0 = Release|Any CPU
		{FE03B93F-E2A0-452E-9D0E-169F47626FB2}.Debug|Any CPU.ActiveCfg = Debug|Any CPU
		{FE03B93F-E2A0-452E-9D0E-169F47626FB2}.Debug|Any CPU.Build.0 = Debug|Any CPU
		{FE03B93F-E2A0-452E-9D0E-169F47626FB2}.Release|Any CPU.ActiveCfg = Release|Any CPU
		{FE03B93F-E2A0-452E-9D0E-169F47626FB2}.Release|Any CPU.Build.0 = Release|Any CPU
	EndGlobalSection
	GlobalSection(SolutionProperties) = preSolution
		HideSolutionNode = FALSE
	EndGlobalSection
EndGlobal
