
Microsoft Visual Studio Solution File, Format Version 12.00
# Visual Studio 15
VisualStudioVersion = 15.0.26403.3
MinimumVisualStudioVersion = 10.0.40219.1
Project("{FAE04EC0-301F-11D3-BF4B-00C04F79EFBC}") = "Example1.SimpleAwait2", "Example1.SimpleAwait2\Example1.SimpleAwait2.csproj", "{217F11DD-6FB2-491E-B4A6-5BBAED47D8AF}"
EndProject
Project("{FAE04EC0-301F-11D3-BF4B-00C04F79EFBC}") = "Example1.SimpleAwait", "Example1.SimpleAwait\Example1.SimpleAwait.csproj", "{5AE59B10-E193-46EE-8644-4EEAF2FC3F35}"
EndProject
Project("{FAE04EC0-301F-11D3-BF4B-00C04F79EFBC}") = "Example2. StateMachine", "Example2. StateMachine\Example2. StateMachine.csproj", "{4C9DCFA8-CAB6-47BC-AFF9-04383BA8FDF3}"
EndProject
Project("{FAE04EC0-301F-11D3-BF4B-00C04F79EFBC}") = "Example3. ThreadingGame", "Example3. ThreadingGame\Example3. ThreadingGame.csproj", "{5BB25332-AA99-4F9D-9DF8-5EC1268EECFD}"
EndProject
Project("{FAE04EC0-301F-11D3-BF4B-00C04F79EFBC}") = "Example4.Deadlock", "Example4.Deadlock\Example4.Deadlock.csproj", "{0C8C74C9-B159-426F-A59F-CD617161CA3E}"
EndProject
Project("{FAE04EC0-301F-11D3-BF4B-00C04F79EFBC}") = "Example5.Deadlock", "Example5.Deadlock\Example5.Deadlock.csproj", "{01E44A18-9F30-438A-A163-DEEF08A142AA}"
EndProject
Project("{FAE04EC0-301F-11D3-BF4B-00C04F79EFBC}") = "Example7.Exceptions", "Example7.Exceptions\Example7.Exceptions.csproj", "{FE03B93F-E2A0-452E-9D0E-169F47626FB2}"
EndProject
Project("{FAE04EC0-301F-11D3-BF4B-00C04F79EFBC}") = "Example8.CustomAwaiter", "Example8.CustomAwaiter\Example8.CustomAwaiter.csproj", "{58A8AD1E-A5B1-4F5A-96A2-EA9A06F40686}"
EndProject
Project("{FAE04EC0-301F-11D3-BF4B-00C04F79EFBC}") = "Example6.WithOutDeadlock", "Example6.WithOutDeadlock\Example6.WithOutDeadlock.csproj", "{E1FB58FF-35C9-4CCA-B22E-88C8B7727992}"
EndProject
Global
	GlobalSection(SolutionConfigurationPlatforms) = preSolution
		Debug|Any CPU = Debug|Any CPU
		Release|Any CPU = Release|Any CPU
	EndGlobalSection
	GlobalSection(ProjectConfigurationPlatforms) = postSolution
		{217F11DD-6FB2-491E-B4A6-5BBAED47D8AF}.Debug|Any CPU.ActiveCfg = Debug|Any CPU
		{217F11DD-6FB2-491E-B4A6-5BBAED47D8AF}.Debug|Any CPU.Build.0 = Debug|Any CPU
		{217F11DD-6FB2-491E-B4A6-5BBAED47D8AF}.Release|Any CPU.ActiveCfg = Release|Any CPU
		{217F11DD-6FB2-491E-B4A6-5BBAED47D8AF}.Release|Any CPU.Build.0 = Release|Any CPU
		{5AE59B10-E193-46EE-8644-4EEAF2FC3F35}.Debug|Any CPU.ActiveCfg = Debug|Any CPU
		{5AE59B10-E193-46EE-8644-4EEAF2FC3F35}.Debug|Any CPU.Build.0 = Debug|Any CPU
		{5AE59B10-E193-46EE-8644-4EEAF2FC3F35}.Release|Any CPU.ActiveCfg = Release|Any CPU
		{5AE59B10-E193-46EE-8644-4EEAF2FC3F35}.Release|Any CPU.Build.0 = Release|Any CPU
		{4C9DCFA8-CAB6-47BC-AFF9-04383BA8FDF3}.Debug|Any CPU.ActiveCfg = Debug|Any CPU
		{4C9DCFA8-CAB6-47BC-AFF9-04383BA8FDF3}.Debug|Any CPU.Build.0 = Debug|Any CPU
		{4C9DCFA8-CAB6-47BC-AFF9-04383BA8FDF3}.Release|Any CPU.ActiveCfg = Release|Any CPU
		{4C9DCFA8-CAB6-47BC-AFF9-04383BA8FDF3}.Release|Any CPU.Build.0 = Release|Any CPU
		{5BB25332-AA99-4F9D-9DF8-5EC1268EECFD}.Debug|Any CPU.ActiveCfg = Debug|Any CPU
		{5BB25332-AA99-4F9D-9DF8-5EC1268EECFD}.Debug|Any CPU.Build.0 = Debug|Any CPU
		{5BB25332-AA99-4F9D-9DF8-5EC1268EECFD}.Release|Any CPU.ActiveCfg = Release|Any CPU
		{5BB25332-AA99-4F9D-9DF8-5EC1268EECFD}.Release|Any CPU.Build.0 = Release|Any CPU
		{0C8C74C9-B159-426F-A59F-CD617161CA3E}.Debug|Any CPU.ActiveCfg = Debug|Any CPU
		{0C8C74C9-B159-426F-A59F-CD617161CA3E}.Debug|Any CPU.Build.0 = Debug|Any CPU
		{0C8C74C9-B159-426F-A59F-CD617161CA3E}.Release|Any CPU.ActiveCfg = Release|Any CPU
		{0C8C74C9-B159-426F-A59F-CD617161CA3E}.Release|Any CPU.Build.0 = Release|Any CPU
		{01E44A18-9F30-438A-A163-DEEF08A142AA}.Debug|Any CPU.ActiveCfg = Debug|Any CPU
		{01E44A18-9F30-438A-A163-DEEF08A142AA}.Debug|Any CPU.Build.0 = Debug|Any CPU
		{01E44A18-9F30-438A-A163-DEEF08A142AA}.Release|Any CPU.ActiveCfg = Release|Any CPU
		{01E44A18-9F30-438A-A163-DEEF08A142AA}.Release|Any CPU.Build.0 = Release|Any CPU
		{FE03B93F-E2A0-452E-9D0E-169F47626FB2}.Debug|Any CPU.ActiveCfg = Debug|Any CPU
		{FE03B93F-E2A0-452E-9D0E-169F47626FB2}.Debug|Any CPU.Build.0 = Debug|Any CPU
		{FE03B93F-E2A0-452E-9D0E-169F47626FB2}.Release|Any CPU.ActiveCfg = Release|Any CPU
		{FE03B93F-E2A0-452E-9D0E-169F47626FB2}.Release|Any CPU.Build.0 = Release|Any CPU
		{58A8AD1E-A5B1-4F5A-96A2-EA9A06F40686}.Debug|Any CPU.ActiveCfg = Debug|Any CPU
		{58A8AD1E-A5B1-4F5A-96A2-EA9A06F40686}.Debug|Any CPU.Build.0 = Debug|Any CPU
		{58A8AD1E-A5B1-4F5A-96A2-EA9A06F40686}.Release|Any CPU.ActiveCfg = Release|Any CPU
		{58A8AD1E-A5B1-4F5A-96A2-EA9A06F40686}.Release|Any CPU.Build.0 = Release|Any CPU
		{E1FB58FF-35C9-4CCA-B22E-88C8B7727992}.Debug|Any CPU.ActiveCfg = Debug|Any CPU
		{E1FB58FF-35C9-4CCA-B22E-88C8B7727992}.Debug|Any CPU.Build.0 = Debug|Any CPU
		{E1FB58FF-35C9-4CCA-B22E-88C8B7727992}.Release|Any CPU.ActiveCfg = Release|Any CPU
		{E1FB58FF-35C9-4CCA-B22E-88C8B7727992}.Release|Any CPU.Build.0 = Release|Any CPU
	EndGlobalSection
	GlobalSection(SolutionProperties) = preSolution
		HideSolutionNode = FALSE
	EndGlobalSection
EndGlobal
